
Microsoft Visual Studio Solution File, Format Version 12.00
# Visual Studio Version 17
VisualStudioVersion = 17.6.33815.320
MinimumVisualStudioVersion = 10.0.40219.1
Project("{FAE04EC0-301F-11D3-BF4B-00C04F79EFBC}") = "Automatre", "Automatre.csproj", "{99202A47-2BA4-473C-B43A-C6545DC1F63D}"
EndProject
Global
	GlobalSection(SolutionConfigurationPlatforms) = preSolution
		Debug|Any CPU = Debug|Any CPU
		Release|Any CPU = Release|Any CPU
	EndGlobalSection
	GlobalSection(ProjectConfigurationPlatforms) = postSolution
		{99202A47-2BA4-473C-B43A-C6545DC1F63D}.Debug|Any CPU.ActiveCfg = Debug|Any CPU
		{99202A47-2BA4-473C-B43A-C6545DC1F63D}.Debug|Any CPU.Build.0 = Debug|Any CPU
		{99202A47-2BA4-473C-B43A-C6545DC1F63D}.Release|Any CPU.ActiveCfg = Release|Any CPU
		{99202A47-2BA4-473C-B43A-C6545DC1F63D}.Release|Any CPU.Build.0 = Release|Any CPU
	EndGlobalSection
	GlobalSection(SolutionProperties) = preSolution
		HideSolutionNode = FALSE
	EndGlobalSection
	GlobalSection(ExtensibilityGlobals) = postSolution
		SolutionGuid = {D7F69358-D5C0-47AA-826E-AE9884DC7E3F}
	EndGlobalSection
EndGlobal
